
Microsoft Visual Studio Solution File, Format Version 12.00
# Visual Studio 14
VisualStudioVersion = 14.0.25420.1
MinimumVisualStudioVersion = 10.0.40219.1
Project("{FAE04EC0-301F-11D3-BF4B-00C04F79EFBC}") = "HelloApp", "HelloApp\HelloApp.csproj", "{280078A2-88CB-45C4-8D30-68774B5ECDBA}"
EndProject
Project("{FAE04EC0-301F-11D3-BF4B-00C04F79EFBC}") = "HelloApp.Tests", "HelloApp.Tests\HelloApp.Tests.csproj", "{53729EB4-F8A9-4F91-9CDC-AA9002036251}"
EndProject
Global
	GlobalSection(SolutionConfigurationPlatforms) = preSolution
		Debug|Any CPU = Debug|Any CPU
		Release|Any CPU = Release|Any CPU
	EndGlobalSection
	GlobalSection(ProjectConfigurationPlatforms) = postSolution
		{280078A2-88CB-45C4-8D30-68774B5ECDBA}.Debug|Any CPU.ActiveCfg = Debug|Any CPU
		{280078A2-88CB-45C4-8D30-68774B5ECDBA}.Debug|Any CPU.Build.0 = Debug|Any CPU
		{280078A2-88CB-45C4-8D30-68774B5ECDBA}.Release|Any CPU.ActiveCfg = Release|Any CPU
		{280078A2-88CB-45C4-8D30-68774B5ECDBA}.Release|Any CPU.Build.0 = Release|Any CPU
		{53729EB4-F8A9-4F91-9CDC-AA9002036251}.Debug|Any CPU.ActiveCfg = Debug|Any CPU
		{53729EB4-F8A9-4F91-9CDC-AA9002036251}.Debug|Any CPU.Build.0 = Debug|Any CPU
		{53729EB4-F8A9-4F91-9CDC-AA9002036251}.Release|Any CPU.ActiveCfg = Release|Any CPU
		{53729EB4-F8A9-4F91-9CDC-AA9002036251}.Release|Any CPU.Build.0 = Release|Any CPU
	EndGlobalSection
	GlobalSection(SolutionProperties) = preSolution
		HideSolutionNode = FALSE
	EndGlobalSection
EndGlobal
